
Microsoft Visual Studio Solution File, Format Version 12.00
# Visual Studio Version 17
VisualStudioVersion = 17.0.31903.59
MinimumVisualStudioVersion = 10.0.40219.1
Project("{2150E333-8FDC-42A3-9474-1A3956D46DE8}") = "src", "src", "{C3511AB4-867D-4076-B2A5-FC12CF75EADB}"
EndProject
Project("{2150E333-8FDC-42A3-9474-1A3956D46DE8}") = "Solution Items", "Solution Items", "{136AE310-9216-4A2A-ADEA-3DDC7DC73E0E}"
	ProjectSection(SolutionItems) = preProject
		.editorconfig = .editorconfig
	EndProjectSection
EndProject
Project("{9A19103F-16F7-4668-BE54-9A1E7A4F7556}") = "WarHub.ArmouryModel.Extensions", "src\WarHub.ArmouryModel.Extensions\WarHub.ArmouryModel.Extensions.csproj", "{0E87FF55-A357-4630-876B-FDA60BC49ABC}"
EndProject
Project("{9A19103F-16F7-4668-BE54-9A1E7A4F7556}") = "WarHub.ArmouryModel.Concrete.Extensions", "src\WarHub.ArmouryModel.Concrete.Extensions\WarHub.ArmouryModel.Concrete.Extensions.csproj", "{04D0B088-6A9A-4C65-A5E1-2387F3E02504}"
EndProject
Project("{9A19103F-16F7-4668-BE54-9A1E7A4F7556}") = "WarHub.ArmouryModel.EditorServices", "src\WarHub.ArmouryModel.EditorServices\WarHub.ArmouryModel.EditorServices.csproj", "{4B3DFD65-40EB-4A80-AE39-3975C74A4580}"
EndProject
Project("{9A19103F-16F7-4668-BE54-9A1E7A4F7556}") = "Phalanx.PlaygroundTool", "src\Phalanx.PlaygroundTool\Phalanx.PlaygroundTool.csproj", "{36FCC2CB-A584-44C4-B13F-31EA4267CF3A}"
EndProject
Project("{9A19103F-16F7-4668-BE54-9A1E7A4F7556}") = "Phalanx.SampleDataset", "src\Phalanx.SampleDataset\Phalanx.SampleDataset.csproj", "{3B8D010C-44BB-4CB2-AF19-67D5255108A9}"
EndProject
Project("{9A19103F-16F7-4668-BE54-9A1E7A4F7556}") = "Phalanx.App", "src\Phalanx.App\Phalanx.App.csproj", "{C6899AC8-32B8-4CD1-80F2-0B1F9D68846D}"
EndProject
Project("{2150E333-8FDC-42A3-9474-1A3956D46DE8}") = "test", "test", "{3FBE741E-1ACA-4907-AEDA-610F32175AEF}"
EndProject
Project("{FAE04EC0-301F-11D3-BF4B-00C04F79EFBC}") = "WarHub.ArmouryModel.Concrete.Extensions.Tests", "test\WarHub.ArmouryModel.Concrete.Extensions.Tests\WarHub.ArmouryModel.Concrete.Extensions.Tests.csproj", "{20B48EC9-3C85-4748-A6CF-6A5E20769BA5}"
EndProject
Project("{FAE04EC0-301F-11D3-BF4B-00C04F79EFBC}") = "Warhub.ArmoryModel.DataProviders", "src\Warhub.ArmoryModel.DataProviders\Warhub.ArmoryModel.DataProviders.csproj", "{471CC761-6982-48D4-88F7-969C31999A78}"
EndProject
Global
	GlobalSection(SolutionConfigurationPlatforms) = preSolution
		Debug|Any CPU = Debug|Any CPU
		Debug|x64 = Debug|x64
		Debug|x86 = Debug|x86
		Release|Any CPU = Release|Any CPU
		Release|x64 = Release|x64
		Release|x86 = Release|x86
	EndGlobalSection
	GlobalSection(ProjectConfigurationPlatforms) = postSolution
		{0E87FF55-A357-4630-876B-FDA60BC49ABC}.Debug|Any CPU.ActiveCfg = Debug|Any CPU
		{0E87FF55-A357-4630-876B-FDA60BC49ABC}.Debug|Any CPU.Build.0 = Debug|Any CPU
		{0E87FF55-A357-4630-876B-FDA60BC49ABC}.Debug|x64.ActiveCfg = Debug|Any CPU
		{0E87FF55-A357-4630-876B-FDA60BC49ABC}.Debug|x64.Build.0 = Debug|Any CPU
		{0E87FF55-A357-4630-876B-FDA60BC49ABC}.Debug|x86.ActiveCfg = Debug|Any CPU
		{0E87FF55-A357-4630-876B-FDA60BC49ABC}.Debug|x86.Build.0 = Debug|Any CPU
		{0E87FF55-A357-4630-876B-FDA60BC49ABC}.Release|Any CPU.ActiveCfg = Release|Any CPU
		{0E87FF55-A357-4630-876B-FDA60BC49ABC}.Release|Any CPU.Build.0 = Release|Any CPU
		{0E87FF55-A357-4630-876B-FDA60BC49ABC}.Release|x64.ActiveCfg = Release|Any CPU
		{0E87FF55-A357-4630-876B-FDA60BC49ABC}.Release|x64.Build.0 = Release|Any CPU
		{0E87FF55-A357-4630-876B-FDA60BC49ABC}.Release|x86.ActiveCfg = Release|Any CPU
		{0E87FF55-A357-4630-876B-FDA60BC49ABC}.Release|x86.Build.0 = Release|Any CPU
		{04D0B088-6A9A-4C65-A5E1-2387F3E02504}.Debug|Any CPU.ActiveCfg = Debug|Any CPU
		{04D0B088-6A9A-4C65-A5E1-2387F3E02504}.Debug|Any CPU.Build.0 = Debug|Any CPU
		{04D0B088-6A9A-4C65-A5E1-2387F3E02504}.Debug|x64.ActiveCfg = Debug|Any CPU
		{04D0B088-6A9A-4C65-A5E1-2387F3E02504}.Debug|x64.Build.0 = Debug|Any CPU
		{04D0B088-6A9A-4C65-A5E1-2387F3E02504}.Debug|x86.ActiveCfg = Debug|Any CPU
		{04D0B088-6A9A-4C65-A5E1-2387F3E02504}.Debug|x86.Build.0 = Debug|Any CPU
		{04D0B088-6A9A-4C65-A5E1-2387F3E02504}.Release|Any CPU.ActiveCfg = Release|Any CPU
		{04D0B088-6A9A-4C65-A5E1-2387F3E02504}.Release|Any CPU.Build.0 = Release|Any CPU
		{04D0B088-6A9A-4C65-A5E1-2387F3E02504}.Release|x64.ActiveCfg = Release|Any CPU
		{04D0B088-6A9A-4C65-A5E1-2387F3E02504}.Release|x64.Build.0 = Release|Any CPU
		{04D0B088-6A9A-4C65-A5E1-2387F3E02504}.Release|x86.ActiveCfg = Release|Any CPU
		{04D0B088-6A9A-4C65-A5E1-2387F3E02504}.Release|x86.Build.0 = Release|Any CPU
		{4B3DFD65-40EB-4A80-AE39-3975C74A4580}.Debug|Any CPU.ActiveCfg = Debug|Any CPU
		{4B3DFD65-40EB-4A80-AE39-3975C74A4580}.Debug|Any CPU.Build.0 = Debug|Any CPU
		{4B3DFD65-40EB-4A80-AE39-3975C74A4580}.Debug|x64.ActiveCfg = Debug|Any CPU
		{4B3DFD65-40EB-4A80-AE39-3975C74A4580}.Debug|x64.Build.0 = Debug|Any CPU
		{4B3DFD65-40EB-4A80-AE39-3975C74A4580}.Debug|x86.ActiveCfg = Debug|Any CPU
		{4B3DFD65-40EB-4A80-AE39-3975C74A4580}.Debug|x86.Build.0 = Debug|Any CPU
		{4B3DFD65-40EB-4A80-AE39-3975C74A4580}.Release|Any CPU.ActiveCfg = Release|Any CPU
		{4B3DFD65-40EB-4A80-AE39-3975C74A4580}.Release|Any CPU.Build.0 = Release|Any CPU
		{4B3DFD65-40EB-4A80-AE39-3975C74A4580}.Release|x64.ActiveCfg = Release|Any CPU
		{4B3DFD65-40EB-4A80-AE39-3975C74A4580}.Release|x64.Build.0 = Release|Any CPU
		{4B3DFD65-40EB-4A80-AE39-3975C74A4580}.Release|x86.ActiveCfg = Release|Any CPU
		{4B3DFD65-40EB-4A80-AE39-3975C74A4580}.Release|x86.Build.0 = Release|Any CPU
		{36FCC2CB-A584-44C4-B13F-31EA4267CF3A}.Debug|Any CPU.ActiveCfg = Debug|Any CPU
		{36FCC2CB-A584-44C4-B13F-31EA4267CF3A}.Debug|Any CPU.Build.0 = Debug|Any CPU
		{36FCC2CB-A584-44C4-B13F-31EA4267CF3A}.Debug|x64.ActiveCfg = Debug|Any CPU
		{36FCC2CB-A584-44C4-B13F-31EA4267CF3A}.Debug|x64.Build.0 = Debug|Any CPU
		{36FCC2CB-A584-44C4-B13F-31EA4267CF3A}.Debug|x86.ActiveCfg = Debug|Any CPU
		{36FCC2CB-A584-44C4-B13F-31EA4267CF3A}.Debug|x86.Build.0 = Debug|Any CPU
		{36FCC2CB-A584-44C4-B13F-31EA4267CF3A}.Release|Any CPU.ActiveCfg = Release|Any CPU
		{36FCC2CB-A584-44C4-B13F-31EA4267CF3A}.Release|Any CPU.Build.0 = Release|Any CPU
		{36FCC2CB-A584-44C4-B13F-31EA4267CF3A}.Release|x64.ActiveCfg = Release|Any CPU
		{36FCC2CB-A584-44C4-B13F-31EA4267CF3A}.Release|x64.Build.0 = Release|Any CPU
		{36FCC2CB-A584-44C4-B13F-31EA4267CF3A}.Release|x86.ActiveCfg = Release|Any CPU
		{36FCC2CB-A584-44C4-B13F-31EA4267CF3A}.Release|x86.Build.0 = Release|Any CPU
		{3B8D010C-44BB-4CB2-AF19-67D5255108A9}.Debug|Any CPU.ActiveCfg = Debug|Any CPU
		{3B8D010C-44BB-4CB2-AF19-67D5255108A9}.Debug|Any CPU.Build.0 = Debug|Any CPU
		{3B8D010C-44BB-4CB2-AF19-67D5255108A9}.Debug|x64.ActiveCfg = Debug|Any CPU
		{3B8D010C-44BB-4CB2-AF19-67D5255108A9}.Debug|x64.Build.0 = Debug|Any CPU
		{3B8D010C-44BB-4CB2-AF19-67D5255108A9}.Debug|x86.ActiveCfg = Debug|Any CPU
		{3B8D010C-44BB-4CB2-AF19-67D5255108A9}.Debug|x86.Build.0 = Debug|Any CPU
		{3B8D010C-44BB-4CB2-AF19-67D5255108A9}.Release|Any CPU.ActiveCfg = Release|Any CPU
		{3B8D010C-44BB-4CB2-AF19-67D5255108A9}.Release|Any CPU.Build.0 = Release|Any CPU
		{3B8D010C-44BB-4CB2-AF19-67D5255108A9}.Release|x64.ActiveCfg = Release|Any CPU
		{3B8D010C-44BB-4CB2-AF19-67D5255108A9}.Release|x64.Build.0 = Release|Any CPU
		{3B8D010C-44BB-4CB2-AF19-67D5255108A9}.Release|x86.ActiveCfg = Release|Any CPU
		{3B8D010C-44BB-4CB2-AF19-67D5255108A9}.Release|x86.Build.0 = Release|Any CPU
		{C6899AC8-32B8-4CD1-80F2-0B1F9D68846D}.Debug|Any CPU.ActiveCfg = Debug|Any CPU
		{C6899AC8-32B8-4CD1-80F2-0B1F9D68846D}.Debug|Any CPU.Build.0 = Debug|Any CPU
		{C6899AC8-32B8-4CD1-80F2-0B1F9D68846D}.Debug|x64.ActiveCfg = Debug|Any CPU
		{C6899AC8-32B8-4CD1-80F2-0B1F9D68846D}.Debug|x64.Build.0 = Debug|Any CPU
		{C6899AC8-32B8-4CD1-80F2-0B1F9D68846D}.Debug|x86.ActiveCfg = Debug|Any CPU
		{C6899AC8-32B8-4CD1-80F2-0B1F9D68846D}.Debug|x86.Build.0 = Debug|Any CPU
		{C6899AC8-32B8-4CD1-80F2-0B1F9D68846D}.Release|Any CPU.ActiveCfg = Release|Any CPU
		{C6899AC8-32B8-4CD1-80F2-0B1F9D68846D}.Release|Any CPU.Build.0 = Release|Any CPU
		{C6899AC8-32B8-4CD1-80F2-0B1F9D68846D}.Release|x64.ActiveCfg = Release|Any CPU
		{C6899AC8-32B8-4CD1-80F2-0B1F9D68846D}.Release|x64.Build.0 = Release|Any CPU
		{C6899AC8-32B8-4CD1-80F2-0B1F9D68846D}.Release|x86.ActiveCfg = Release|Any CPU
		{C6899AC8-32B8-4CD1-80F2-0B1F9D68846D}.Release|x86.Build.0 = Release|Any CPU
		{20B48EC9-3C85-4748-A6CF-6A5E20769BA5}.Debug|Any CPU.ActiveCfg = Debug|Any CPU
		{20B48EC9-3C85-4748-A6CF-6A5E20769BA5}.Debug|Any CPU.Build.0 = Debug|Any CPU
		{20B48EC9-3C85-4748-A6CF-6A5E20769BA5}.Debug|x64.ActiveCfg = Debug|Any CPU
		{20B48EC9-3C85-4748-A6CF-6A5E20769BA5}.Debug|x64.Build.0 = Debug|Any CPU
		{20B48EC9-3C85-4748-A6CF-6A5E20769BA5}.Debug|x86.ActiveCfg = Debug|Any CPU
		{20B48EC9-3C85-4748-A6CF-6A5E20769BA5}.Debug|x86.Build.0 = Debug|Any CPU
		{20B48EC9-3C85-4748-A6CF-6A5E20769BA5}.Release|Any CPU.ActiveCfg = Release|Any CPU
		{20B48EC9-3C85-4748-A6CF-6A5E20769BA5}.Release|Any CPU.Build.0 = Release|Any CPU
		{20B48EC9-3C85-4748-A6CF-6A5E20769BA5}.Release|x64.ActiveCfg = Release|Any CPU
		{20B48EC9-3C85-4748-A6CF-6A5E20769BA5}.Release|x64.Build.0 = Release|Any CPU
		{20B48EC9-3C85-4748-A6CF-6A5E20769BA5}.Release|x86.ActiveCfg = Release|Any CPU
		{20B48EC9-3C85-4748-A6CF-6A5E20769BA5}.Release|x86.Build.0 = Release|Any CPU
		{471CC761-6982-48D4-88F7-969C31999A78}.Debug|Any CPU.ActiveCfg = Debug|Any CPU
		{471CC761-6982-48D4-88F7-969C31999A78}.Debug|Any CPU.Build.0 = Debug|Any CPU
		{471CC761-6982-48D4-88F7-969C31999A78}.Debug|x64.ActiveCfg = Debug|Any CPU
		{471CC761-6982-48D4-88F7-969C31999A78}.Debug|x64.Build.0 = Debug|Any CPU
		{471CC761-6982-48D4-88F7-969C31999A78}.Debug|x86.ActiveCfg = Debug|Any CPU
		{471CC761-6982-48D4-88F7-969C31999A78}.Debug|x86.Build.0 = Debug|Any CPU
		{471CC761-6982-48D4-88F7-969C31999A78}.Release|Any CPU.ActiveCfg = Release|Any CPU
		{471CC761-6982-48D4-88F7-969C31999A78}.Release|Any CPU.Build.0 = Release|Any CPU
		{471CC761-6982-48D4-88F7-969C31999A78}.Release|x64.ActiveCfg = Release|Any CPU
		{471CC761-6982-48D4-88F7-969C31999A78}.Release|x64.Build.0 = Release|Any CPU
		{471CC761-6982-48D4-88F7-969C31999A78}.Release|x86.ActiveCfg = Release|Any CPU
		{471CC761-6982-48D4-88F7-969C31999A78}.Release|x86.Build.0 = Release|Any CPU
	EndGlobalSection
	GlobalSection(SolutionProperties) = preSolution
		HideSolutionNode = FALSE
	EndGlobalSection
	GlobalSection(NestedProjects) = preSolution
		{0E87FF55-A357-4630-876B-FDA60BC49ABC} = {C3511AB4-867D-4076-B2A5-FC12CF75EADB}
		{04D0B088-6A9A-4C65-A5E1-2387F3E02504} = {C3511AB4-867D-4076-B2A5-FC12CF75EADB}
		{4B3DFD65-40EB-4A80-AE39-3975C74A4580} = {C3511AB4-867D-4076-B2A5-FC12CF75EADB}
		{36FCC2CB-A584-44C4-B13F-31EA4267CF3A} = {C3511AB4-867D-4076-B2A5-FC12CF75EADB}
		{3B8D010C-44BB-4CB2-AF19-67D5255108A9} = {C3511AB4-867D-4076-B2A5-FC12CF75EADB}
		{C6899AC8-32B8-4CD1-80F2-0B1F9D68846D} = {C3511AB4-867D-4076-B2A5-FC12CF75EADB}
		{20B48EC9-3C85-4748-A6CF-6A5E20769BA5} = {3FBE741E-1ACA-4907-AEDA-610F32175AEF}
		{471CC761-6982-48D4-88F7-969C31999A78} = {C3511AB4-867D-4076-B2A5-FC12CF75EADB}
	EndGlobalSection
	GlobalSection(ExtensibilityGlobals) = postSolution
		SolutionGuid = {588DA2B5-3BD3-4ECF-B037-C6FA3F57128C}
	EndGlobalSection
EndGlobal
