{
  "name": "Phalanx.App",
  "lockfileVersion": 2,
  "requires": true,
  "packages": {
    "": {
      "dependencies": {
        "@fluentui/web-components": "^2.2.1",
        "@microsoft/fast-components": "^2.17.1"
      }
    },
    "node_modules/@fluentui/web-components": {
      "version": "2.2.1",
      "resolved": "https://registry.npmjs.org/@fluentui/web-components/-/web-components-2.2.1.tgz",
      "integrity": "sha512-kOsu0bcXoqzI56/f0BdKZ+hodrnD7IwtGT1ynba81wObxkvR4P7A+3Y/6YF/PS8wiThJxPBDLlacCgmOQQeh6A==",
      "dependencies": {
        "@microsoft/fast-colors": "^5.1.0",
        "@microsoft/fast-element": "^1.6.0",
        "@microsoft/fast-foundation": "^2.27.1",
        "@microsoft/fast-web-utilities": "^5.0.0",
        "tslib": "^1.13.0"
      }
    },
    "node_modules/@microsoft/fast-colors": {
      "version": "5.1.4",
      "resolved": "https://registry.npmjs.org/@microsoft/fast-colors/-/fast-colors-5.1.4.tgz",
      "integrity": "sha512-+0ZVfZ04627buD8ZK8k84FpZom85vU0qUoRtcnFQm6AG5MIWcRE8m5ybJlMIjv2LIJcI/q7tjl+ruKBpWaqwJQ=="
    },
    "node_modules/@microsoft/fast-components": {
      "version": "2.17.1",
      "resolved": "https://registry.npmjs.org/@microsoft/fast-components/-/fast-components-2.17.1.tgz",
      "integrity": "sha512-DTnNPyYAiyEbeeDoHyZz/gdnsO1VBhGFfi1FoXK6dr3c4iI604OFgZ5aqXjbIKuZNnM2wCWjR9vvM1MOyi+n4A==",
      "dependencies": {
        "@microsoft/fast-colors": "^5.1.4",
        "@microsoft/fast-element": "^1.6.2",
        "@microsoft/fast-foundation": "^2.30.0",
        "@microsoft/fast-web-utilities": "^5.0.2",
        "tslib": "^1.13.0",
        "vscode-html-languageservice": "^4.0.3"
      }
    },
    "node_modules/@microsoft/fast-element": {
      "version": "1.6.2",
      "resolved": "https://registry.npmjs.org/@microsoft/fast-element/-/fast-element-1.6.2.tgz",
      "integrity": "sha512-TrFOpe9k9xIK2iLfIG5T2+bavUAWBvAC/KQ/3ecFsK65l9PAZ/j3zlkyLxNrpIksFtUBkfVdV03kwFurZjqzKQ=="
    },
    "node_modules/@microsoft/fast-foundation": {
      "version": "2.30.0",
      "resolved": "https://registry.npmjs.org/@microsoft/fast-foundation/-/fast-foundation-2.30.0.tgz",
      "integrity": "sha512-9rJo8bLMke8pPWkdQBvJPxfqIiqqBkuEUtx65szbkU7HvKyHFX5+C1u+vLOahk7jkehFm4oTB6lp6DfsE878uQ==",
      "dependencies": {
        "@microsoft/fast-element": "^1.6.2",
        "@microsoft/fast-web-utilities": "^5.0.2",
        "tabbable": "^5.2.0",
        "tslib": "^1.13.0"
      }
    },
    "node_modules/@microsoft/fast-web-utilities": {
      "version": "5.0.2",
      "resolved": "https://registry.npmjs.org/@microsoft/fast-web-utilities/-/fast-web-utilities-5.0.2.tgz",
      "integrity": "sha512-J8Wy64V1NWF/UjFJ1mvmJNNPChbWobsNkJ8xNaV5/M+VKOQEOheojrOS+RmOUG7DKTBlCLIbUvyXsj1YiCfwkA==",
      "dependencies": {
        "exenv-es6": "^1.0.0"
      }
    },
    "node_modules/exenv-es6": {
      "version": "1.0.0",
      "resolved": "https://registry.npmjs.org/exenv-es6/-/exenv-es6-1.0.0.tgz",
      "integrity": "sha512-fcG/TX8Ruv9Ma6PBaiNsUrHRJzVzuFMP6LtPn/9iqR+nr9mcLeEOGzXQGLC5CVQSXGE98HtzW2mTZkrCA3XrDg=="
    },
    "node_modules/tabbable": {
      "version": "5.2.1",
      "resolved": "https://registry.npmjs.org/tabbable/-/tabbable-5.2.1.tgz",
      "integrity": "sha512-40pEZ2mhjaZzK0BnI+QGNjJO8UYx9pP5v7BGe17SORTO0OEuuaAwQTkAp8whcZvqon44wKFOikD+Al11K3JICQ=="
    },
    "node_modules/tslib": {
      "version": "1.14.1",
      "resolved": "https://registry.npmjs.org/tslib/-/tslib-1.14.1.tgz",
      "integrity": "sha512-Xni35NKzjgMrwevysHTCArtLDpPvye8zV/0E4EyYn43P7/7qvQwPh9BGkHewbMulVntbigmcT7rdX3BNo9wRJg=="
    },
    "node_modules/vscode-html-languageservice": {
      "version": "4.2.1",
      "resolved": "https://registry.npmjs.org/vscode-html-languageservice/-/vscode-html-languageservice-4.2.1.tgz",
      "integrity": "sha512-PgaToZVXJ44nFWEBuSINdDgVV6EnpC3MnXBsysR3O5TKcAfywbYeRGRy+Y4dVR7YeUgDvtb+JkJoSkaYC0mxXQ==",
      "dependencies": {
        "vscode-languageserver-textdocument": "^1.0.1",
        "vscode-languageserver-types": "^3.16.0",
        "vscode-nls": "^5.0.0",
        "vscode-uri": "^3.0.2"
      }
    },
    "node_modules/vscode-languageserver-textdocument": {
      "version": "1.0.3",
      "resolved": "https://registry.npmjs.org/vscode-languageserver-textdocument/-/vscode-languageserver-textdocument-1.0.3.tgz",
      "integrity": "sha512-ynEGytvgTb6HVSUwPJIAZgiHQmPCx8bZ8w5um5Lz+q5DjP0Zj8wTFhQpyg8xaMvefDytw2+HH5yzqS+FhsR28A=="
    },
    "node_modules/vscode-languageserver-types": {
      "version": "3.16.0",
      "resolved": "https://registry.npmjs.org/vscode-languageserver-types/-/vscode-languageserver-types-3.16.0.tgz",
      "integrity": "sha512-k8luDIWJWyenLc5ToFQQMaSrqCHiLwyKPHKPQZ5zz21vM+vIVUSvsRpcbiECH4WR88K2XZqc4ScRcZ7nk/jbeA=="
    },
    "node_modules/vscode-nls": {
      "version": "5.0.0",
      "resolved": "https://registry.npmjs.org/vscode-nls/-/vscode-nls-5.0.0.tgz",
      "integrity": "sha512-u0Lw+IYlgbEJFF6/qAqG2d1jQmJl0eyAGJHoAJqr2HT4M2BNuQYSEiSE75f52pXHSJm8AlTjnLLbBFPrdz2hpA=="
    },
    "node_modules/vscode-uri": {
      "version": "3.0.3",
      "resolved": "https://registry.npmjs.org/vscode-uri/-/vscode-uri-3.0.3.tgz",
      "integrity": "sha512-EcswR2S8bpR7fD0YPeS7r2xXExrScVMxg4MedACaWHEtx9ftCF/qHG1xGkolzTPcEmjTavCQgbVzHUIdTMzFGA=="
    }
  },
  "dependencies": {
    "@fluentui/web-components": {
      "version": "2.2.1",
      "resolved": "https://registry.npmjs.org/@fluentui/web-components/-/web-components-2.2.1.tgz",
      "integrity": "sha512-kOsu0bcXoqzI56/f0BdKZ+hodrnD7IwtGT1ynba81wObxkvR4P7A+3Y/6YF/PS8wiThJxPBDLlacCgmOQQeh6A==",
      "requires": {
        "@microsoft/fast-colors": "^5.1.0",
        "@microsoft/fast-element": "^1.6.0",
        "@microsoft/fast-foundation": "^2.27.1",
        "@microsoft/fast-web-utilities": "^5.0.0",
        "tslib": "^1.13.0"
      }
    },
    "@microsoft/fast-colors": {
      "version": "5.1.4",
      "resolved": "https://registry.npmjs.org/@microsoft/fast-colors/-/fast-colors-5.1.4.tgz",
      "integrity": "sha512-+0ZVfZ04627buD8ZK8k84FpZom85vU0qUoRtcnFQm6AG5MIWcRE8m5ybJlMIjv2LIJcI/q7tjl+ruKBpWaqwJQ=="
    },
    "@microsoft/fast-components": {
      "version": "2.17.1",
      "resolved": "https://registry.npmjs.org/@microsoft/fast-components/-/fast-components-2.17.1.tgz",
      "integrity": "sha512-DTnNPyYAiyEbeeDoHyZz/gdnsO1VBhGFfi1FoXK6dr3c4iI604OFgZ5aqXjbIKuZNnM2wCWjR9vvM1MOyi+n4A==",
      "requires": {
        "@microsoft/fast-colors": "^5.1.4",
        "@microsoft/fast-element": "^1.6.2",
        "@microsoft/fast-foundation": "^2.30.0",
        "@microsoft/fast-web-utilities": "^5.0.2",
        "tslib": "^1.13.0",
        "vscode-html-languageservice": "^4.0.3"
      }
    },
    "@microsoft/fast-element": {
      "version": "1.6.2",
      "resolved": "https://registry.npmjs.org/@microsoft/fast-element/-/fast-element-1.6.2.tgz",
      "integrity": "sha512-TrFOpe9k9xIK2iLfIG5T2+bavUAWBvAC/KQ/3ecFsK65l9PAZ/j3zlkyLxNrpIksFtUBkfVdV03kwFurZjqzKQ=="
    },
    "@microsoft/fast-foundation": {
      "version": "2.30.0",
      "resolved": "https://registry.npmjs.org/@microsoft/fast-foundation/-/fast-foundation-2.30.0.tgz",
      "integrity": "sha512-9rJo8bLMke8pPWkdQBvJPxfqIiqqBkuEUtx65szbkU7HvKyHFX5+C1u+vLOahk7jkehFm4oTB6lp6DfsE878uQ==",
      "requires": {
        "@microsoft/fast-element": "^1.6.2",
        "@microsoft/fast-web-utilities": "^5.0.2",
        "tabbable": "^5.2.0",
        "tslib": "^1.13.0"
      }
    },
    "@microsoft/fast-web-utilities": {
      "version": "5.0.2",
      "resolved": "https://registry.npmjs.org/@microsoft/fast-web-utilities/-/fast-web-utilities-5.0.2.tgz",
      "integrity": "sha512-J8Wy64V1NWF/UjFJ1mvmJNNPChbWobsNkJ8xNaV5/M+VKOQEOheojrOS+RmOUG7DKTBlCLIbUvyXsj1YiCfwkA==",
      "requires": {
        "exenv-es6": "^1.0.0"
      }
    },
    "exenv-es6": {
      "version": "1.0.0",
      "resolved": "https://registry.npmjs.org/exenv-es6/-/exenv-es6-1.0.0.tgz",
      "integrity": "sha512-fcG/TX8Ruv9Ma6PBaiNsUrHRJzVzuFMP6LtPn/9iqR+nr9mcLeEOGzXQGLC5CVQSXGE98HtzW2mTZkrCA3XrDg=="
    },
    "tabbable": {
      "version": "5.2.1",
      "resolved": "https://registry.npmjs.org/tabbable/-/tabbable-5.2.1.tgz",
      "integrity": "sha512-40pEZ2mhjaZzK0BnI+QGNjJO8UYx9pP5v7BGe17SORTO0OEuuaAwQTkAp8whcZvqon44wKFOikD+Al11K3JICQ=="
    },
    "tslib": {
      "version": "1.14.1",
      "resolved": "https://registry.npmjs.org/tslib/-/tslib-1.14.1.tgz",
      "integrity": "sha512-Xni35NKzjgMrwevysHTCArtLDpPvye8zV/0E4EyYn43P7/7qvQwPh9BGkHewbMulVntbigmcT7rdX3BNo9wRJg=="
    },
    "vscode-html-languageservice": {
      "version": "4.2.1",
      "resolved": "https://registry.npmjs.org/vscode-html-languageservice/-/vscode-html-languageservice-4.2.1.tgz",
      "integrity": "sha512-PgaToZVXJ44nFWEBuSINdDgVV6EnpC3MnXBsysR3O5TKcAfywbYeRGRy+Y4dVR7YeUgDvtb+JkJoSkaYC0mxXQ==",
      "requires": {
        "vscode-languageserver-textdocument": "^1.0.1",
        "vscode-languageserver-types": "^3.16.0",
        "vscode-nls": "^5.0.0",
        "vscode-uri": "^3.0.2"
      }
    },
    "vscode-languageserver-textdocument": {
      "version": "1.0.3",
      "resolved": "https://registry.npmjs.org/vscode-languageserver-textdocument/-/vscode-languageserver-textdocument-1.0.3.tgz",
      "integrity": "sha512-ynEGytvgTb6HVSUwPJIAZgiHQmPCx8bZ8w5um5Lz+q5DjP0Zj8wTFhQpyg8xaMvefDytw2+HH5yzqS+FhsR28A=="
    },
    "vscode-languageserver-types": {
      "version": "3.16.0",
      "resolved": "https://registry.npmjs.org/vscode-languageserver-types/-/vscode-languageserver-types-3.16.0.tgz",
      "integrity": "sha512-k8luDIWJWyenLc5ToFQQMaSrqCHiLwyKPHKPQZ5zz21vM+vIVUSvsRpcbiECH4WR88K2XZqc4ScRcZ7nk/jbeA=="
    },
    "vscode-nls": {
      "version": "5.0.0",
      "resolved": "https://registry.npmjs.org/vscode-nls/-/vscode-nls-5.0.0.tgz",
      "integrity": "sha512-u0Lw+IYlgbEJFF6/qAqG2d1jQmJl0eyAGJHoAJqr2HT4M2BNuQYSEiSE75f52pXHSJm8AlTjnLLbBFPrdz2hpA=="
    },
    "vscode-uri": {
      "version": "3.0.3",
      "resolved": "https://registry.npmjs.org/vscode-uri/-/vscode-uri-3.0.3.tgz",
      "integrity": "sha512-EcswR2S8bpR7fD0YPeS7r2xXExrScVMxg4MedACaWHEtx9ftCF/qHG1xGkolzTPcEmjTavCQgbVzHUIdTMzFGA=="
    }
  }
}
